{
  "name": "kgjs",
  "version": "1.0.0",
  "lockfileVersion": 1,
  "requires": true,
  "dependencies": {
    "@types/d3": {
      "version": "4.13.0",
      "resolved": "https://registry.npmjs.org/@types/d3/-/d3-4.13.0.tgz",
      "integrity": "sha512-L7C+aOIl+z/e7pPBvRXxA9EZ8a5RIZSq4UnTgdjCnypYV3bPI1wpx81snC8pE1zB4SZQC/WK4noZUHzWAABfBA==",
      "dev": true,
      "requires": {
        "@types/d3-array": "1.2.1",
        "@types/d3-axis": "1.0.10",
        "@types/d3-brush": "1.0.8",
        "@types/d3-chord": "1.0.7",
        "@types/d3-collection": "1.0.7",
        "@types/d3-color": "1.2.1",
        "@types/d3-dispatch": "1.0.6",
        "@types/d3-drag": "1.2.1",
        "@types/d3-dsv": "1.0.33",
        "@types/d3-ease": "1.0.7",
        "@types/d3-force": "1.1.1",
        "@types/d3-format": "1.3.0",
        "@types/d3-geo": "1.10.3",
        "@types/d3-hierarchy": "1.1.2",
        "@types/d3-interpolate": "1.2.0",
        "@types/d3-path": "1.0.7",
        "@types/d3-polygon": "1.0.6",
        "@types/d3-quadtree": "1.0.5",
        "@types/d3-queue": "3.0.6",
        "@types/d3-random": "1.1.1",
        "@types/d3-request": "1.0.2",
        "@types/d3-scale": "1.0.13",
        "@types/d3-selection": "1.3.1",
        "@types/d3-shape": "1.2.3",
        "@types/d3-time": "1.0.8",
        "@types/d3-time-format": "2.1.0",
        "@types/d3-timer": "1.0.7",
        "@types/d3-transition": "1.1.1",
        "@types/d3-voronoi": "1.1.7",
        "@types/d3-zoom": "1.7.1"
      }
    },
    "@types/d3-array": {
      "version": "1.2.1",
      "resolved": "https://registry.npmjs.org/@types/d3-array/-/d3-array-1.2.1.tgz",
      "integrity": "sha512-YBaAfimGdWE4nDuoGVKsH89/dkz2hWZ0i8qC+xxqmqi+XJ/aXiRF0jPtzXmN7VdkpVjy1xuDmM5/m1FNuB6VWA==",
      "dev": true
    },
    "@types/d3-axis": {
      "version": "1.0.10",
      "resolved": "https://registry.npmjs.org/@types/d3-axis/-/d3-axis-1.0.10.tgz",
      "integrity": "sha512-5YF0wfdQMPKw01VAAupLIlg/T4pn5M3/vL9u0KZjiemnVnnKBEWE24na4X1iW+TfZiYJ8j+BgK2KFYnAAT54Ug==",
      "dev": true,
      "requires": {
        "@types/d3-selection": "1.3.1"
      }
    },
    "@types/d3-brush": {
      "version": "1.0.8",
      "resolved": "https://registry.npmjs.org/@types/d3-brush/-/d3-brush-1.0.8.tgz",
      "integrity": "sha512-9Thv09jvolu9T1BE3fHmIeYSgbwSpdxtF6/A5HZEDjSTfgtA0mtaXRk5AiWOo0KjuLsI+/7ggD3ZGN5Ye8KXPQ==",
      "dev": true,
      "requires": {
        "@types/d3-selection": "1.3.1"
      }
    },
    "@types/d3-chord": {
      "version": "1.0.7",
      "resolved": "https://registry.npmjs.org/@types/d3-chord/-/d3-chord-1.0.7.tgz",
      "integrity": "sha512-WbCN7SxhZMpQQw46oSjAovAmvl3IdjhLuQ4r7AXCzNKyxtXXBWuihSPZ4bVwFQF3+S2z37i9d4hfUBatcSJpog==",
      "dev": true
    },
    "@types/d3-collection": {
      "version": "1.0.7",
      "resolved": "https://registry.npmjs.org/@types/d3-collection/-/d3-collection-1.0.7.tgz",
      "integrity": "sha512-vR3BT0GwHc5y93Jv6bxn3zoxP/vGu+GdXu/r1ApjbP9dLk9I2g6NiV7iP/QMQSuFZd0It0n/qWrfXHxCWwHIkg==",
      "dev": true
    },
    "@types/d3-color": {
      "version": "1.2.1",
      "resolved": "https://registry.npmjs.org/@types/d3-color/-/d3-color-1.2.1.tgz",
      "integrity": "sha512-xwb1tqvYNWllbHuhMFhiXk63Imf+QNq/dJdmbXmr2wQVnwGenCuj3/0IWJ9hdIFQIqzvhT7T37cvx93jtAsDbQ==",
      "dev": true
    },
    "@types/d3-dispatch": {
      "version": "1.0.6",
      "resolved": "https://registry.npmjs.org/@types/d3-dispatch/-/d3-dispatch-1.0.6.tgz",
      "integrity": "sha512-xyWJQMr832vqhu6fD/YqX+MSFBWnkxasNhcStvlhqygXxj0cKqPft0wuGoH5TIq5ADXgP83qeNVa4R7bEYN3uA==",
      "dev": true
    },
    "@types/d3-drag": {
      "version": "1.2.1",
      "resolved": "https://registry.npmjs.org/@types/d3-drag/-/d3-drag-1.2.1.tgz",
      "integrity": "sha512-J9liJ4NNeV0oN40MzPiqwWjqNi3YHCRtHNfNMZ1d3uL9yh1+vDuo346LBEr8yyBm30WHvrHssAkExVZrGCswtA==",
      "dev": true,
      "requires": {
        "@types/d3-selection": "1.3.1"
      }
    },
    "@types/d3-dsv": {
      "version": "1.0.33",
      "resolved": "https://registry.npmjs.org/@types/d3-dsv/-/d3-dsv-1.0.33.tgz",
      "integrity": "sha512-jx5YvaVC3Wfh6LobaiWTeU1NkvL2wPmmpmajk618bD+xVz98yNWzmZMvmlPHGK0HXbMeHmW/6oVX48V9AH1bRQ==",
      "dev": true
    },
    "@types/d3-ease": {
      "version": "1.0.7",
      "resolved": "https://registry.npmjs.org/@types/d3-ease/-/d3-ease-1.0.7.tgz",
      "integrity": "sha1-k6MBhovp4VBh89RDQ7GrP4rLbwk=",
      "dev": true
    },
    "@types/d3-force": {
      "version": "1.1.1",
      "resolved": "https://registry.npmjs.org/@types/d3-force/-/d3-force-1.1.1.tgz",
      "integrity": "sha512-ePkELuaFWY4yOuf+Bvx5Xd+ihFiYG4bdnW0BlvigovIm8Sob2t76e9RGO6lybQbv6AlW9Icn9HuZ9fmdzEoJyg==",
      "dev": true
    },
    "@types/d3-format": {
      "version": "1.3.0",
      "resolved": "https://registry.npmjs.org/@types/d3-format/-/d3-format-1.3.0.tgz",
      "integrity": "sha512-ZiY4j3iJvAdOwzwW24WjlZbUNvqOsnPAMfPBmdXqxj3uKJbrzBlRrdGl5uC89pZpFs9Dc92E81KcwG2uEgkIZA==",
      "dev": true
    },
    "@types/d3-geo": {
      "version": "1.10.3",
      "resolved": "https://registry.npmjs.org/@types/d3-geo/-/d3-geo-1.10.3.tgz",
      "integrity": "sha512-hfdaxM2L0wA9mDZrrSf2o+DyhEpnJYCiAN+lHFtpfZOVCQrYBA5g33sGRpUbAvjSMyO5jkHbftMWPEhuCMChSg==",
      "dev": true,
      "requires": {
        "@types/geojson": "7946.0.4"
      }
    },
    "@types/d3-hierarchy": {
      "version": "1.1.2",
      "resolved": "https://registry.npmjs.org/@types/d3-hierarchy/-/d3-hierarchy-1.1.2.tgz",
      "integrity": "sha512-L+Ht4doqlCIH8jYN2AC1mYIOj13OxlRhdWNWXv2pc3o5A9i3YmQ0kz6A7w8c+Ujylfusi/FO+zVlVnQoOHc2Qw==",
      "dev": true
    },
    "@types/d3-interpolate": {
      "version": "1.2.0",
      "resolved": "https://registry.npmjs.org/@types/d3-interpolate/-/d3-interpolate-1.2.0.tgz",
      "integrity": "sha512-qM9KlUrqbwIhBRtw9OtAEbkis1AxsOJEun2uxaX/vEsBp3vyNBmhPz9boXXEqic9ZRi7fCpUNRwyZvxa0PioIw==",
      "dev": true,
      "requires": {
        "@types/d3-color": "1.2.1"
      }
    },
    "@types/d3-path": {
      "version": "1.0.7",
      "resolved": "https://registry.npmjs.org/@types/d3-path/-/d3-path-1.0.7.tgz",
      "integrity": "sha512-U8dFRG+8WhkLJr2sxZ9Cw/5WeRgBnNqMxGdA1+Z0+ZG6tK0s75OQ4OXnxeyfKuh6E4wQPY8OAKr1+iNDx01BEQ==",
      "dev": true
    },
    "@types/d3-polygon": {
      "version": "1.0.6",
      "resolved": "https://registry.npmjs.org/@types/d3-polygon/-/d3-polygon-1.0.6.tgz",
      "integrity": "sha512-E6Kyodn9JThgLq20nxSbEce9ow5/ePgm9PX2EO6W1INIL4DayM7cFaiG10DStuamjYAd0X4rntW2q+GRjiIktw==",
      "dev": true
    },
    "@types/d3-quadtree": {
      "version": "1.0.5",
      "resolved": "https://registry.npmjs.org/@types/d3-quadtree/-/d3-quadtree-1.0.5.tgz",
      "integrity": "sha1-HOHmWerkUw3wyxJ/KX8XQaNnqC4=",
      "dev": true
    },
    "@types/d3-queue": {
      "version": "3.0.6",
      "resolved": "https://registry.npmjs.org/@types/d3-queue/-/d3-queue-3.0.6.tgz",
      "integrity": "sha512-CGGs7QeUs4F9YoD7KM0l4jwQ3wj2UqVLIweRk/OxF5n3ujnSJoT/wzIl2TCR0TiY88LEAnBfW+LhEJm9famk6A==",
      "dev": true
    },
    "@types/d3-random": {
      "version": "1.1.1",
      "resolved": "https://registry.npmjs.org/@types/d3-random/-/d3-random-1.1.1.tgz",
      "integrity": "sha512-jUPeBq1XKK9/5XasTvy5QAUwFeMsjma2yt/nP02yC2Tijovx7i/W5776U/HZugxc5SSmtpx4Z3g9KFVon0QrjQ==",
      "dev": true
    },
    "@types/d3-request": {
      "version": "1.0.2",
      "resolved": "https://registry.npmjs.org/@types/d3-request/-/d3-request-1.0.2.tgz",
      "integrity": "sha1-2524FU9HgWWEcGxub3Ar5m8i9L4=",
      "dev": true,
      "requires": {
        "@types/d3-dsv": "1.0.33"
      }
    },
    "@types/d3-scale": {
      "version": "1.0.13",
      "resolved": "https://registry.npmjs.org/@types/d3-scale/-/d3-scale-1.0.13.tgz",
      "integrity": "sha512-VkytFyGGRVNBn/CBfvstjta9elXALBAgg9yTqHHAglOTTR8EhPDQYBnMwE2kOYxu32kBXzUNXKdFCA9YejKjnw==",
      "dev": true,
      "requires": {
        "@types/d3-time": "1.0.8"
      }
    },
    "@types/d3-selection": {
      "version": "1.3.1",
      "resolved": "https://registry.npmjs.org/@types/d3-selection/-/d3-selection-1.3.1.tgz",
      "integrity": "sha512-G+eO+2G1iW3GNrROxhoU+ar+bIJbQq1QkxcfhwjQ19xA20n3T31j5pSJqAOWvPSoFTz4Ets/DQgYhmgT4jepDg==",
      "dev": true
    },
    "@types/d3-shape": {
      "version": "1.2.3",
      "resolved": "https://registry.npmjs.org/@types/d3-shape/-/d3-shape-1.2.3.tgz",
      "integrity": "sha512-iP9TcX0EVi+LlX+jK9ceS+yhEz5abTitF+JaO2ugpRE/J+bccaYLe/0/3LETMmdaEkYarIyboZW8OF67Mpnj1w==",
      "dev": true,
      "requires": {
        "@types/d3-path": "1.0.7"
      }
    },
    "@types/d3-time": {
      "version": "1.0.8",
      "resolved": "https://registry.npmjs.org/@types/d3-time/-/d3-time-1.0.8.tgz",
      "integrity": "sha512-/UCphyyw97YAq4zKsuXH33R3UNB4jDSza0fLvMubWr/ONh9IePi1NbgFP222blhiCe724ebJs8U87+aDuAq/jA==",
      "dev": true
    },
    "@types/d3-time-format": {
      "version": "2.1.0",
      "resolved": "https://registry.npmjs.org/@types/d3-time-format/-/d3-time-format-2.1.0.tgz",
      "integrity": "sha512-/myT3I7EwlukNOX2xVdMzb8FRgNzRMpsZddwst9Ld/VFe6LyJyRp0s32l/V9XoUzk+Gqu56F/oGk6507+8BxrA==",
      "dev": true
    },
    "@types/d3-timer": {
      "version": "1.0.7",
      "resolved": "https://registry.npmjs.org/@types/d3-timer/-/d3-timer-1.0.7.tgz",
      "integrity": "sha512-830pT+aYZrgbA91AuynP3KldfB1A1s60d0gKiV+L7JcSKSJapUzUffAm8VZod7RQOxF5SzoItV6cvrTzjbmrJQ==",
      "dev": true
    },
    "@types/d3-transition": {
      "version": "1.1.1",
      "resolved": "https://registry.npmjs.org/@types/d3-transition/-/d3-transition-1.1.1.tgz",
      "integrity": "sha512-GHTghl0YYB8gGgbyKxVLHyAp9Na0HqsX2U7M0u0lGw4IdfEaslooykweZ8fDHW13T+KZeZAuzhbmqBZVFO+6kg==",
      "dev": true,
      "requires": {
        "@types/d3-selection": "1.3.1"
      }
    },
    "@types/d3-voronoi": {
      "version": "1.1.7",
      "resolved": "https://registry.npmjs.org/@types/d3-voronoi/-/d3-voronoi-1.1.7.tgz",
      "integrity": "sha512-/dHFLK5jhXTb/W4XEQcFydVk8qlIAo85G3r7+N2fkBFw190l0R1GQ8C1VPeXBb2GfSU5GbT2hjlnE7i7UY5Gvg==",
      "dev": true
    },
    "@types/d3-zoom": {
      "version": "1.7.1",
      "resolved": "https://registry.npmjs.org/@types/d3-zoom/-/d3-zoom-1.7.1.tgz",
      "integrity": "sha512-Ofjwz6Pt53tRef9TAwwayN+JThNVYC/vFOepa/H4KtwjhsqkmEseHvc2jpJM7vye5PQ5XHtTSOpdY4Y/6xZWEg==",
      "dev": true,
      "requires": {
        "@types/d3-interpolate": "1.2.0",
        "@types/d3-selection": "1.3.1"
      }
    },
    "@types/geojson": {
      "version": "7946.0.4",
      "resolved": "https://registry.npmjs.org/@types/geojson/-/geojson-7946.0.4.tgz",
      "integrity": "sha512-MHmwBtCb7OCv1DSivz2UNJXPGU/1btAWRKlqJ2saEhVJkpkvqHMMaOpKg0v4sAbDWSQekHGvPVMM8nQ+Jen03Q==",
      "dev": true
    },
    "@types/katex": {
      "version": "0.5.0",
      "resolved": "https://registry.npmjs.org/@types/katex/-/katex-0.5.0.tgz",
      "integrity": "sha1-p9u5gfG8icixtef6ihziYXqy81g=",
      "dev": true
    },
    "@types/mathjs": {
      "version": "0.0.34",
      "resolved": "https://registry.npmjs.org/@types/mathjs/-/mathjs-0.0.34.tgz",
      "integrity": "sha1-4i9Ety5rFIYIiH+4Fvk3bc/tyX0=",
      "dev": true
    },
    "async": {
      "version": "1.5.2",
      "resolved": "https://registry.npmjs.org/async/-/async-1.5.2.tgz",
      "integrity": "sha1-7GphrlZIDAw8skHJVhjiCJL5Zyo=",
      "dev": true
    },
    "colors": {
      "version": "1.0.3",
      "resolved": "https://registry.npmjs.org/colors/-/colors-1.0.3.tgz",
      "integrity": "sha1-BDP0TYCWgP3rYO0mDxsMJi6CpAs=",
      "dev": true
    },
    "corser": {
      "version": "2.0.1",
      "resolved": "https://registry.npmjs.org/corser/-/corser-2.0.1.tgz",
      "integrity": "sha1-jtolLsqrWEDc2XXOuQ2TcMgZ/4c=",
      "dev": true
    },
    "debug": {
      "version": "3.1.0",
      "resolved": "https://registry.npmjs.org/debug/-/debug-3.1.0.tgz",
      "integrity": "sha512-OX8XqP7/1a9cqkxYw2yXss15f26NKWBpDXQd0/uK/KPqdQhxbPa994hnzjcE2VqQpDslf55723cKPUOGSmMY3g==",
      "dev": true,
      "requires": {
        "ms": "2.0.0"
      }
    },
    "ecstatic": {
      "version": "3.2.0",
      "resolved": "https://registry.npmjs.org/ecstatic/-/ecstatic-3.2.0.tgz",
      "integrity": "sha512-Goilx/2cfU9vvfQjgtNgc2VmJAD8CasQ6rZDqCd2u4Hsyd/qFET6nBf60jiHodevR3nl3IGzNKtrzPXWP88utQ==",
      "dev": true,
      "requires": {
        "he": "1.1.1",
        "mime": "1.6.0",
        "minimist": "1.2.0",
        "url-join": "2.0.5"
      }
    },
    "eventemitter3": {
      "version": "3.1.0",
      "resolved": "https://registry.npmjs.org/eventemitter3/-/eventemitter3-3.1.0.tgz",
      "integrity": "sha512-ivIvhpq/Y0uSjcHDcOIccjmYjGLcP09MFGE7ysAwkAvkXfpZlC985pH2/ui64DKazbTW/4kN3yqozUxlXzI6cA==",
      "dev": true
    },
    "follow-redirects": {
      "version": "1.5.0",
      "resolved": "https://registry.npmjs.org/follow-redirects/-/follow-redirects-1.5.0.tgz",
      "integrity": "sha512-fdrt472/9qQ6Kgjvb935ig6vJCuofpBUD14f9Vb+SLlm7xIe4Qva5gey8EKtv8lp7ahE1wilg3xL1znpVGtZIA==",
      "dev": true,
      "requires": {
        "debug": "3.1.0"
      }
    },
    "he": {
      "version": "1.1.1",
      "resolved": "https://registry.npmjs.org/he/-/he-1.1.1.tgz",
      "integrity": "sha1-k0EP0hsAlzUVH4howvJx80J+I/0=",
      "dev": true
    },
    "http-proxy": {
      "version": "1.17.0",
      "resolved": "https://registry.npmjs.org/http-proxy/-/http-proxy-1.17.0.tgz",
      "integrity": "sha512-Taqn+3nNvYRfJ3bGvKfBSRwy1v6eePlm3oc/aWVxZp57DQr5Eq3xhKJi7Z4hZpS8PC3H4qI+Yly5EmFacGuA/g==",
      "dev": true,
      "requires": {
        "eventemitter3": "3.1.0",
        "follow-redirects": "1.5.0",
        "requires-port": "1.0.0"
      }
    },
    "http-server": {
      "version": "0.11.1",
      "resolved": "https://registry.npmjs.org/http-server/-/http-server-0.11.1.tgz",
      "integrity": "sha512-6JeGDGoujJLmhjiRGlt8yK8Z9Kl0vnl/dQoQZlc4oeqaUoAKQg94NILLfrY3oWzSyFaQCVNTcKE5PZ3cH8VP9w==",
      "dev": true,
      "requires": {
        "colors": "1.0.3",
        "corser": "2.0.1",
        "ecstatic": "3.2.0",
        "http-proxy": "1.17.0",
        "opener": "1.4.3",
        "optimist": "0.6.1",
        "portfinder": "1.0.13",
        "union": "0.4.6"
      }
    },
    "mime": {
      "version": "1.6.0",
      "resolved": "https://registry.npmjs.org/mime/-/mime-1.6.0.tgz",
      "integrity": "sha512-x0Vn8spI+wuJ1O6S7gnbaQg8Pxh4NNHb7KSINmEWKiPE4RKOplvijn+NkmYmmRgP68mc70j2EbeTFRsrswaQeg==",
      "dev": true
    },
    "minimist": {
      "version": "1.2.0",
      "resolved": "https://registry.npmjs.org/minimist/-/minimist-1.2.0.tgz",
      "integrity": "sha1-o1AIsg9BOD7sH7kU9M1d95omQoQ=",
      "dev": true
    },
    "mkdirp": {
      "version": "0.5.1",
      "resolved": "https://registry.npmjs.org/mkdirp/-/mkdirp-0.5.1.tgz",
      "integrity": "sha1-MAV0OOrGz3+MR2fzhkjWaX11yQM=",
      "dev": true,
      "requires": {
        "minimist": "0.0.8"
      },
      "dependencies": {
        "minimist": {
          "version": "0.0.8",
          "resolved": "https://registry.npmjs.org/minimist/-/minimist-0.0.8.tgz",
          "integrity": "sha1-hX/Kv8M5fSYluCKCYuhqp6ARsF0=",
          "dev": true
        }
      }
    },
    "ms": {
      "version": "2.0.0",
      "resolved": "https://registry.npmjs.org/ms/-/ms-2.0.0.tgz",
      "integrity": "sha1-VgiurfwAvmwpAd9fmGF4jeDVl8g=",
      "dev": true
    },
    "opener": {
      "version": "1.4.3",
      "resolved": "https://registry.npmjs.org/opener/-/opener-1.4.3.tgz",
      "integrity": "sha1-XG2ixdflgx6P+jlklQ+NZnSskLg=",
      "dev": true
    },
    "optimist": {
      "version": "0.6.1",
      "resolved": "https://registry.npmjs.org/optimist/-/optimist-0.6.1.tgz",
      "integrity": "sha1-2j6nRob6IaGaERwybpDrFaAZZoY=",
      "dev": true,
      "requires": {
        "minimist": "0.0.10",
        "wordwrap": "0.0.3"
      },
      "dependencies": {
        "minimist": {
          "version": "0.0.10",
          "resolved": "https://registry.npmjs.org/minimist/-/minimist-0.0.10.tgz",
          "integrity": "sha1-3j+YVD2/lggr5IrRoMfNqDYwHc8=",
          "dev": true
        }
      }
    },
    "portfinder": {
      "version": "1.0.13",
      "resolved": "https://registry.npmjs.org/portfinder/-/portfinder-1.0.13.tgz",
      "integrity": "sha1-uzLs2HwnEErm7kS1o8y/Drsa7ek=",
      "dev": true,
      "requires": {
        "async": "1.5.2",
        "debug": "2.6.9",
        "mkdirp": "0.5.1"
      },
      "dependencies": {
        "debug": {
          "version": "2.6.9",
          "resolved": "https://registry.npmjs.org/debug/-/debug-2.6.9.tgz",
          "integrity": "sha512-bC7ElrdJaJnPbAP+1EotYvqZsb3ecl5wi6Bfi6BJTUcNowp6cvspg0jXznRTKDjm/E7AdgFBVeAPVMNcKGsHMA==",
          "dev": true,
          "requires": {
            "ms": "2.0.0"
          }
        }
      }
    },
    "qs": {
      "version": "2.3.3",
      "resolved": "https://registry.npmjs.org/qs/-/qs-2.3.3.tgz",
      "integrity": "sha1-6eha2+ddoLvkyOBHaghikPhjtAQ=",
      "dev": true
    },
    "requires-port": {
      "version": "1.0.0",
      "resolved": "https://registry.npmjs.org/requires-port/-/requires-port-1.0.0.tgz",
      "integrity": "sha1-kl0mAdOaxIXgkc8NpcbmlNw9yv8=",
      "dev": true
    },
    "typescript": {
      "version": "3.0.0-dev.20180626",
      "resolved": "https://registry.npmjs.org/typescript/-/typescript-3.0.0-dev.20180626.tgz",
      "integrity": "sha512-OQH9osIC4CdsVzVvsb2RenRTVPRKwSIMIpRy2J42XNOEUP+vhX56BX1Z47K3l//LEGY0xG7zF7qVKCDlUhhrlg==",
      "dev": true
    },
    "union": {
      "version": "0.4.6",
      "resolved": "https://registry.npmjs.org/union/-/union-0.4.6.tgz",
      "integrity": "sha1-GY+9rrolTniLDvy2MLwR8kopWeA=",
      "dev": true,
      "requires": {
        "qs": "2.3.3"
      }
    },
    "url-join": {
      "version": "2.0.5",
      "resolved": "https://registry.npmjs.org/url-join/-/url-join-2.0.5.tgz",
      "integrity": "sha1-WvIvGMBSoACkjXuCxenC4v7tpyg=",
      "dev": true
    },
    "wordwrap": {
      "version": "0.0.3",
      "resolved": "https://registry.npmjs.org/wordwrap/-/wordwrap-0.0.3.tgz",
      "integrity": "sha1-o9XabNXAvAAI03I0u68b7WMFkQc=",
      "dev": true
    }
  }
}
